
Microsoft Visual Studio Solution File, Format Version 12.00
# Visual Studio 15
VisualStudioVersion = 15.0.28010.2003
MinimumVisualStudioVersion = 10.0.40219.1
Project("{FAE04EC0-301F-11D3-BF4B-00C04F79EFBC}") = "PinkOneSysCore", "PinkOneSysCore\PinkOneSysCore.csproj", "{B373FB28-F089-4025-9996-B5B8C3BC7943}"
EndProject
Global
	GlobalSection(SolutionConfigurationPlatforms) = preSolution
		Debug|Any CPU = Debug|Any CPU
		Release|Any CPU = Release|Any CPU
	EndGlobalSection
	GlobalSection(ProjectConfigurationPlatforms) = postSolution
		{B373FB28-F089-4025-9996-B5B8C3BC7943}.Debug|Any CPU.ActiveCfg = Debug|Any CPU
		{B373FB28-F089-4025-9996-B5B8C3BC7943}.Debug|Any CPU.Build.0 = Debug|Any CPU
		{B373FB28-F089-4025-9996-B5B8C3BC7943}.Release|Any CPU.ActiveCfg = Release|Any CPU
		{B373FB28-F089-4025-9996-B5B8C3BC7943}.Release|Any CPU.Build.0 = Release|Any CPU
	EndGlobalSection
	GlobalSection(SolutionProperties) = preSolution
		HideSolutionNode = FALSE
	EndGlobalSection
	GlobalSection(ExtensibilityGlobals) = postSolution
		SolutionGuid = {DD862AC4-9973-4D1D-96AB-A264672EB27E}
	EndGlobalSection
EndGlobal
